// !$*UTF8*$!
{
	archiveVersion = 1;
	classes = {
	};
	objectVersion = 46;
	objects = {

/* Begin PBXBuildFile section */
		897F5E6C1829BA6A007E5D78 /* Foundation.framework in Frameworks */ = {isa = PBXBuildFile; fileRef = 897F5E6B1829BA6A007E5D78 /* Foundation.framework */; };
		897F5E6E1829BA6A007E5D78 /* CoreGraphics.framework in Frameworks */ = {isa = PBXBuildFile; fileRef = 897F5E6D1829BA6A007E5D78 /* CoreGraphics.framework */; };
		897F5E701829BA6A007E5D78 /* UIKit.framework in Frameworks */ = {isa = PBXBuildFile; fileRef = 897F5E6F1829BA6A007E5D78 /* UIKit.framework */; };
		897F5E761829BA6A007E5D78 /* InfoPlist.strings in Resources */ = {isa = PBXBuildFile; fileRef = 897F5E741829BA6A007E5D78 /* InfoPlist.strings */; };
		897F5E781829BA6A007E5D78 /* main.m in Sources */ = {isa = PBXBuildFile; fileRef = 897F5E771829BA6A007E5D78 /* main.m */; };
		897F5E7C1829BA6A007E5D78 /* AppDelegate.m in Sources */ = {isa = PBXBuildFile; fileRef = 897F5E7B1829BA6A007E5D78 /* AppDelegate.m */; };
		897F5E7F1829BA6A007E5D78 /* Main.storyboard in Resources */ = {isa = PBXBuildFile; fileRef = 897F5E7D1829BA6A007E5D78 /* Main.storyboard */; };
		897F5E871829BA6A007E5D78 /* Images.xcassets in Resources */ = {isa = PBXBuildFile; fileRef = 897F5E861829BA6A007E5D78 /* Images.xcassets */; };
		897F5E8E1829BA6B007E5D78 /* XCTest.framework in Frameworks */ = {isa = PBXBuildFile; fileRef = 897F5E8D1829BA6B007E5D78 /* XCTest.framework */; };
		897F5E8F1829BA6B007E5D78 /* Foundation.framework in Frameworks */ = {isa = PBXBuildFile; fileRef = 897F5E6B1829BA6A007E5D78 /* Foundation.framework */; };
		897F5E901829BA6B007E5D78 /* UIKit.framework in Frameworks */ = {isa = PBXBuildFile; fileRef = 897F5E6F1829BA6A007E5D78 /* UIKit.framework */; };
		897F5E981829BA6B007E5D78 /* InfoPlist.strings in Resources */ = {isa = PBXBuildFile; fileRef = 897F5E961829BA6B007E5D78 /* InfoPlist.strings */; };
		897F5E9A1829BA6B007E5D78 /* fotoPheedTests.m in Sources */ = {isa = PBXBuildFile; fileRef = 897F5E991829BA6B007E5D78 /* fotoPheedTests.m */; };
		897F5EA41829BDED007E5D78 /* 29-heart.png in Resources */ = {isa = PBXBuildFile; fileRef = 897F5EA31829BDED007E5D78 /* 29-heart.png */; };
		897F5EA81829BE3C007E5D78 /* 111-user.png in Resources */ = {isa = PBXBuildFile; fileRef = 897F5EA71829BE3B007E5D78 /* 111-user.png */; };
		897F5EAA1829BE5A007E5D78 /* 98-palette.png in Resources */ = {isa = PBXBuildFile; fileRef = 897F5EA91829BE5A007E5D78 /* 98-palette.png */; };
		897F5EB01829BF8B007E5D78 /* FeedViewController.m in Sources */ = {isa = PBXBuildFile; fileRef = 897F5EAF1829BF8B007E5D78 /* FeedViewController.m */; };
		897F5EB31829C049007E5D78 /* FavoritesViewController.m in Sources */ = {isa = PBXBuildFile; fileRef = 897F5EB21829C049007E5D78 /* FavoritesViewController.m */; };
		897F5EB61829C0E0007E5D78 /* ProfileViewController.m in Sources */ = {isa = PBXBuildFile; fileRef = 897F5EB51829C0E0007E5D78 /* ProfileViewController.m */; };
		897F5EB81829C2FE007E5D78 /* kittens.jpg in Resources */ = {isa = PBXBuildFile; fileRef = 897F5EB71829C2FE007E5D78 /* kittens.jpg */; };
		897F5EBB1829D545007E5D78 /* FeedTableViewController.m in Sources */ = {isa = PBXBuildFile; fileRef = 897F5EBA1829D545007E5D78 /* FeedTableViewController.m */; };
		897F5EBE1829DE17007E5D78 /* PhotoViewController.m in Sources */ = {isa = PBXBuildFile; fileRef = 897F5EBD1829DE17007E5D78 /* PhotoViewController.m */; };
/* End PBXBuildFile section */

/* Begin PBXContainerItemProxy section */
		897F5E911829BA6B007E5D78 /* PBXContainerItemProxy */ = {
			isa = PBXContainerItemProxy;
			containerPortal = 897F5E601829BA6A007E5D78 /* Project object */;
			proxyType = 1;
			remoteGlobalIDString = 897F5E671829BA6A007E5D78;
			remoteInfo = fotoPheed;
		};
/* End PBXContainerItemProxy section */

/* Begin PBXFileReference section */
		897F5E681829BA6A007E5D78 /* fotoPheed.app */ = {isa = PBXFileReference; explicitFileType = wrapper.application; includeInIndex = 0; path = fotoPheed.app; sourceTree = BUILT_PRODUCTS_DIR; };
		897F5E6B1829BA6A007E5D78 /* Foundation.framework */ = {isa = PBXFileReference; lastKnownFileType = wrapper.framework; name = Foundation.framework; path = System/Library/Frameworks/Foundation.framework; sourceTree = SDKROOT; };
		897F5E6D1829BA6A007E5D78 /* CoreGraphics.framework */ = {isa = PBXFileReference; lastKnownFileType = wrapper.framework; name = CoreGraphics.framework; path = System/Library/Frameworks/CoreGraphics.framework; sourceTree = SDKROOT; };
		897F5E6F1829BA6A007E5D78 /* UIKit.framework */ = {isa = PBXFileReference; lastKnownFileType = wrapper.framework; name = UIKit.framework; path = System/Library/Frameworks/UIKit.framework; sourceTree = SDKROOT; };
		897F5E731829BA6A007E5D78 /* fotoPheed-Info.plist */ = {isa = PBXFileReference; lastKnownFileType = text.plist.xml; path = "fotoPheed-Info.plist"; sourceTree = "<group>"; };
		897F5E751829BA6A007E5D78 /* en */ = {isa = PBXFileReference; lastKnownFileType = text.plist.strings; name = en; path = en.lproj/InfoPlist.strings; sourceTree = "<group>"; };
		897F5E771829BA6A007E5D78 /* main.m */ = {isa = PBXFileReference; lastKnownFileType = sourcecode.c.objc; path = main.m; sourceTree = "<group>"; };
		897F5E791829BA6A007E5D78 /* fotoPheed-Prefix.pch */ = {isa = PBXFileReference; lastKnownFileType = sourcecode.c.h; path = "fotoPheed-Prefix.pch"; sourceTree = "<group>"; };
		897F5E7A1829BA6A007E5D78 /* AppDelegate.h */ = {isa = PBXFileReference; lastKnownFileType = sourcecode.c.h; path = AppDelegate.h; sourceTree = "<group>"; };
		897F5E7B1829BA6A007E5D78 /* AppDelegate.m */ = {isa = PBXFileReference; lastKnownFileType = sourcecode.c.objc; path = AppDelegate.m; sourceTree = "<group>"; };
		897F5E7E1829BA6A007E5D78 /* Base */ = {isa = PBXFileReference; lastKnownFileType = file.storyboard; name = Base; path = Base.lproj/Main.storyboard; sourceTree = "<group>"; };
		897F5E861829BA6A007E5D78 /* Images.xcassets */ = {isa = PBXFileReference; lastKnownFileType = folder.assetcatalog; path = Images.xcassets; sourceTree = "<group>"; };
		897F5E8C1829BA6B007E5D78 /* fotoPheedTests.xctest */ = {isa = PBXFileReference; explicitFileType = wrapper.cfbundle; includeInIndex = 0; path = fotoPheedTests.xctest; sourceTree = BUILT_PRODUCTS_DIR; };
		897F5E8D1829BA6B007E5D78 /* XCTest.framework */ = {isa = PBXFileReference; lastKnownFileType = wrapper.framework; name = XCTest.framework; path = Library/Frameworks/XCTest.framework; sourceTree = DEVELOPER_DIR; };
		897F5E951829BA6B007E5D78 /* fotoPheedTests-Info.plist */ = {isa = PBXFileReference; lastKnownFileType = text.plist.xml; path = "fotoPheedTests-Info.plist"; sourceTree = "<group>"; };
		897F5E971829BA6B007E5D78 /* en */ = {isa = PBXFileReference; lastKnownFileType = text.plist.strings; name = en; path = en.lproj/InfoPlist.strings; sourceTree = "<group>"; };
		897F5E991829BA6B007E5D78 /* fotoPheedTests.m */ = {isa = PBXFileReference; lastKnownFileType = sourcecode.c.objc; path = fotoPheedTests.m; sourceTree = "<group>"; };
		897F5EA31829BDED007E5D78 /* 29-heart.png */ = {isa = PBXFileReference; lastKnownFileType = image.png; name = "29-heart.png"; path = "../29-heart.png"; sourceTree = "<group>"; };
		897F5EA71829BE3B007E5D78 /* 111-user.png */ = {isa = PBXFileReference; lastKnownFileType = image.png; name = "111-user.png"; path = "../111-user.png"; sourceTree = "<group>"; };
		897F5EA91829BE5A007E5D78 /* 98-palette.png */ = {isa = PBXFileReference; lastKnownFileType = image.png; name = "98-palette.png"; path = "../98-palette.png"; sourceTree = "<group>"; };
		897F5EAE1829BF8B007E5D78 /* FeedViewController.h */ = {isa = PBXFileReference; fileEncoding = 4; lastKnownFileType = sourcecode.c.h; path = FeedViewController.h; sourceTree = "<group>"; };
		897F5EAF1829BF8B007E5D78 /* FeedViewController.m */ = {isa = PBXFileReference; fileEncoding = 4; lastKnownFileType = sourcecode.c.objc; path = FeedViewController.m; sourceTree = "<group>"; };
		897F5EB11829C049007E5D78 /* FavoritesViewController.h */ = {isa = PBXFileReference; fileEncoding = 4; lastKnownFileType = sourcecode.c.h; path = FavoritesViewController.h; sourceTree = "<group>"; };
		897F5EB21829C049007E5D78 /* FavoritesViewController.m */ = {isa = PBXFileReference; fileEncoding = 4; lastKnownFileType = sourcecode.c.objc; path = FavoritesViewController.m; sourceTree = "<group>"; };
		897F5EB41829C0E0007E5D78 /* ProfileViewController.h */ = {isa = PBXFileReference; fileEncoding = 4; lastKnownFileType = sourcecode.c.h; path = ProfileViewController.h; sourceTree = "<group>"; };
		897F5EB51829C0E0007E5D78 /* ProfileViewController.m */ = {isa = PBXFileReference; fileEncoding = 4; lastKnownFileType = sourcecode.c.objc; path = ProfileViewController.m; sourceTree = "<group>"; };
		897F5EB71829C2FE007E5D78 /* kittens.jpg */ = {isa = PBXFileReference; lastKnownFileType = image.jpeg; path = kittens.jpg; sourceTree = "<group>"; };
		897F5EB91829D545007E5D78 /* FeedTableViewController.h */ = {isa = PBXFileReference; fileEncoding = 4; lastKnownFileType = sourcecode.c.h; name = FeedTableViewController.h; path = ../FeedTableViewController.h; sourceTree = "<group>"; };
		897F5EBA1829D545007E5D78 /* FeedTableViewController.m */ = {isa = PBXFileReference; fileEncoding = 4; lastKnownFileType = sourcecode.c.objc; name = FeedTableViewController.m; path = ../FeedTableViewController.m; sourceTree = "<group>"; };
		897F5EBC1829DE17007E5D78 /* PhotoViewController.h */ = {isa = PBXFileReference; fileEncoding = 4; lastKnownFileType = sourcecode.c.h; path = PhotoViewController.h; sourceTree = "<group>"; };
		897F5EBD1829DE17007E5D78 /* PhotoViewController.m */ = {isa = PBXFileReference; fileEncoding = 4; lastKnownFileType = sourcecode.c.objc; path = PhotoViewController.m; sourceTree = "<group>"; };
/* End PBXFileReference section */

/* Begin PBXFrameworksBuildPhase section */
		897F5E651829BA6A007E5D78 /* Frameworks */ = {
			isa = PBXFrameworksBuildPhase;
			buildActionMask = 2147483647;
			files = (
				897F5E6E1829BA6A007E5D78 /* CoreGraphics.framework in Frameworks */,
				897F5E701829BA6A007E5D78 /* UIKit.framework in Frameworks */,
				897F5E6C1829BA6A007E5D78 /* Foundation.framework in Frameworks */,
			);
			runOnlyForDeploymentPostprocessing = 0;
		};
		897F5E891829BA6B007E5D78 /* Frameworks */ = {
			isa = PBXFrameworksBuildPhase;
			buildActionMask = 2147483647;
			files = (
				897F5E8E1829BA6B007E5D78 /* XCTest.framework in Frameworks */,
				897F5E901829BA6B007E5D78 /* UIKit.framework in Frameworks */,
				897F5E8F1829BA6B007E5D78 /* Foundation.framework in Frameworks */,
			);
			runOnlyForDeploymentPostprocessing = 0;
		};
/* End PBXFrameworksBuildPhase section */

/* Begin PBXGroup section */
		897F5E5F1829BA6A007E5D78 = {
			isa = PBXGroup;
			children = (
				897F5E711829BA6A007E5D78 /* fotoPheed */,
				897F5E931829BA6B007E5D78 /* fotoPheedTests */,
				897F5E6A1829BA6A007E5D78 /* Frameworks */,
				897F5E691829BA6A007E5D78 /* Products */,
			);
			sourceTree = "<group>";
		};
		897F5E691829BA6A007E5D78 /* Products */ = {
			isa = PBXGroup;
			children = (
				897F5E681829BA6A007E5D78 /* fotoPheed.app */,
				897F5E8C1829BA6B007E5D78 /* fotoPheedTests.xctest */,
			);
			name = Products;
			sourceTree = "<group>";
		};
		897F5E6A1829BA6A007E5D78 /* Frameworks */ = {
			isa = PBXGroup;
			children = (
				897F5E6B1829BA6A007E5D78 /* Foundation.framework */,
				897F5E6D1829BA6A007E5D78 /* CoreGraphics.framework */,
				897F5E6F1829BA6A007E5D78 /* UIKit.framework */,
				897F5E8D1829BA6B007E5D78 /* XCTest.framework */,
			);
			name = Frameworks;
			sourceTree = "<group>";
		};
		897F5E711829BA6A007E5D78 /* fotoPheed */ = {
			isa = PBXGroup;
			children = (
				897F5EB91829D545007E5D78 /* FeedTableViewController.h */,
				897F5EBA1829D545007E5D78 /* FeedTableViewController.m */,
				897F5EBC1829DE17007E5D78 /* PhotoViewController.h */,
				897F5EBD1829DE17007E5D78 /* PhotoViewController.m */,
				897F5E7A1829BA6A007E5D78 /* AppDelegate.h */,
				897F5E7B1829BA6A007E5D78 /* AppDelegate.m */,
				897F5E7D1829BA6A007E5D78 /* Main.storyboard */,
				897F5EAE1829BF8B007E5D78 /* FeedViewController.h */,
				897F5EAF1829BF8B007E5D78 /* FeedViewController.m */,
				897F5EB11829C049007E5D78 /* FavoritesViewController.h */,
				897F5EB21829C049007E5D78 /* FavoritesViewController.m */,
				897F5EB41829C0E0007E5D78 /* ProfileViewController.h */,
				897F5EB51829C0E0007E5D78 /* ProfileViewController.m */,
				897F5E861829BA6A007E5D78 /* Images.xcassets */,
				897F5EA31829BDED007E5D78 /* 29-heart.png */,
				897F5EB71829C2FE007E5D78 /* kittens.jpg */,
				897F5EA71829BE3B007E5D78 /* 111-user.png */,
				897F5EA91829BE5A007E5D78 /* 98-palette.png */,
				897F5E721829BA6A007E5D78 /* Supporting Files */,
			);
			path = fotoPheed;
			sourceTree = "<group>";
		};
		897F5E721829BA6A007E5D78 /* Supporting Files */ = {
			isa = PBXGroup;
			children = (
				897F5E731829BA6A007E5D78 /* fotoPheed-Info.plist */,
				897F5E741829BA6A007E5D78 /* InfoPlist.strings */,
				897F5E771829BA6A007E5D78 /* main.m */,
				897F5E791829BA6A007E5D78 /* fotoPheed-Prefix.pch */,
			);
			name = "Supporting Files";
			sourceTree = "<group>";
		};
		897F5E931829BA6B007E5D78 /* fotoPheedTests */ = {
			isa = PBXGroup;
			children = (
				897F5E991829BA6B007E5D78 /* fotoPheedTests.m */,
				897F5E941829BA6B007E5D78 /* Supporting Files */,
			);
			path = fotoPheedTests;
			sourceTree = "<group>";
		};
		897F5E941829BA6B007E5D78 /* Supporting Files */ = {
			isa = PBXGroup;
			children = (
				897F5E951829BA6B007E5D78 /* fotoPheedTests-Info.plist */,
				897F5E961829BA6B007E5D78 /* InfoPlist.strings */,
			);
			name = "Supporting Files";
			sourceTree = "<group>";
		};
/* End PBXGroup section */

/* Begin PBXNativeTarget section */
		897F5E671829BA6A007E5D78 /* fotoPheed */ = {
			isa = PBXNativeTarget;
			buildConfigurationList = 897F5E9D1829BA6B007E5D78 /* Build configuration list for PBXNativeTarget "fotoPheed" */;
			buildPhases = (
				897F5E641829BA6A007E5D78 /* Sources */,
				897F5E651829BA6A007E5D78 /* Frameworks */,
				897F5E661829BA6A007E5D78 /* Resources */,
			);
			buildRules = (
			);
			dependencies = (
			);
			name = fotoPheed;
			productName = fotoPheed;
			productReference = 897F5E681829BA6A007E5D78 /* fotoPheed.app */;
			productType = "com.apple.product-type.application";
		};
		897F5E8B1829BA6B007E5D78 /* fotoPheedTests */ = {
			isa = PBXNativeTarget;
			buildConfigurationList = 897F5EA01829BA6B007E5D78 /* Build configuration list for PBXNativeTarget "fotoPheedTests" */;
			buildPhases = (
				897F5E881829BA6B007E5D78 /* Sources */,
				897F5E891829BA6B007E5D78 /* Frameworks */,
				897F5E8A1829BA6B007E5D78 /* Resources */,
			);
			buildRules = (
			);
			dependencies = (
				897F5E921829BA6B007E5D78 /* PBXTargetDependency */,
			);
			name = fotoPheedTests;
			productName = fotoPheedTests;
			productReference = 897F5E8C1829BA6B007E5D78 /* fotoPheedTests.xctest */;
			productType = "com.apple.product-type.bundle.unit-test";
		};
/* End PBXNativeTarget section */

/* Begin PBXProject section */
		897F5E601829BA6A007E5D78 /* Project object */ = {
			isa = PBXProject;
			attributes = {
				LastUpgradeCheck = 0500;
				ORGANIZATIONNAME = "Jon-Paul Lussier";
				TargetAttributes = {
					897F5E8B1829BA6B007E5D78 = {
						TestTargetID = 897F5E671829BA6A007E5D78;
					};
				};
			};
			buildConfigurationList = 897F5E631829BA6A007E5D78 /* Build configuration list for PBXProject "fotoPheed" */;
			compatibilityVersion = "Xcode 3.2";
			developmentRegion = English;
			hasScannedForEncodings = 0;
			knownRegions = (
				en,
				Base,
			);
			mainGroup = 897F5E5F1829BA6A007E5D78;
			productRefGroup = 897F5E691829BA6A007E5D78 /* Products */;
			projectDirPath = "";
			projectRoot = "";
			targets = (
				897F5E671829BA6A007E5D78 /* fotoPheed */,
				897F5E8B1829BA6B007E5D78 /* fotoPheedTests */,
			);
		};
/* End PBXProject section */

/* Begin PBXResourcesBuildPhase section */
		897F5E661829BA6A007E5D78 /* Resources */ = {
			isa = PBXResourcesBuildPhase;
			buildActionMask = 2147483647;
			files = (
				897F5EA81829BE3C007E5D78 /* 111-user.png in Resources */,
				897F5E871829BA6A007E5D78 /* Images.xcassets in Resources */,
				897F5E761829BA6A007E5D78 /* InfoPlist.strings in Resources */,
				897F5E7F1829BA6A007E5D78 /* Main.storyboard in Resources */,
				897F5EAA1829BE5A007E5D78 /* 98-palette.png in Resources */,
				897F5EB81829C2FE007E5D78 /* kittens.jpg in Resources */,
				897F5EA41829BDED007E5D78 /* 29-heart.png in Resources */,
			);
			runOnlyForDeploymentPostprocessing = 0;
		};
		897F5E8A1829BA6B007E5D78 /* Resources */ = {
			isa = PBXResourcesBuildPhase;
			buildActionMask = 2147483647;
			files = (
				897F5E981829BA6B007E5D78 /* InfoPlist.strings in Resources */,
			);
			runOnlyForDeploymentPostprocessing = 0;
		};
/* End PBXResourcesBuildPhase section */

/* Begin PBXSourcesBuildPhase section */
		897F5E641829BA6A007E5D78 /* Sources */ = {
			isa = PBXSourcesBuildPhase;
			buildActionMask = 2147483647;
			files = (
				897F5EB01829BF8B007E5D78 /* FeedViewController.m in Sources */,
				897F5EB31829C049007E5D78 /* FavoritesViewController.m in Sources */,
				897F5E7C1829BA6A007E5D78 /* AppDelegate.m in Sources */,
				897F5EB61829C0E0007E5D78 /* ProfileViewController.m in Sources */,
				897F5E781829BA6A007E5D78 /* main.m in Sources */,
				897F5EBB1829D545007E5D78 /* FeedTableViewController.m in Sources */,
				897F5EBE1829DE17007E5D78 /* PhotoViewController.m in Sources */,
			);
			runOnlyForDeploymentPostprocessing = 0;
		};
		897F5E881829BA6B007E5D78 /* Sources */ = {
			isa = PBXSourcesBuildPhase;
			buildActionMask = 2147483647;
			files = (
				897F5E9A1829BA6B007E5D78 /* fotoPheedTests.m in Sources */,
			);
			runOnlyForDeploymentPostprocessing = 0;
		};
/* End PBXSourcesBuildPhase section */

/* Begin PBXTargetDependency section */
		897F5E921829BA6B007E5D78 /* PBXTargetDependency */ = {
			isa = PBXTargetDependency;
			target = 897F5E671829BA6A007E5D78 /* fotoPheed */;
			targetProxy = 897F5E911829BA6B007E5D78 /* PBXContainerItemProxy */;
		};
/* End PBXTargetDependency section */

/* Begin PBXVariantGroup section */
		897F5E741829BA6A007E5D78 /* InfoPlist.strings */ = {
			isa = PBXVariantGroup;
			children = (
				897F5E751829BA6A007E5D78 /* en */,
			);
			name = InfoPlist.strings;
			sourceTree = "<group>";
		};
		897F5E7D1829BA6A007E5D78 /* Main.storyboard */ = {
			isa = PBXVariantGroup;
			children = (
				897F5E7E1829BA6A007E5D78 /* Base */,
			);
			name = Main.storyboard;
			sourceTree = "<group>";
		};
		897F5E961829BA6B007E5D78 /* InfoPlist.strings */ = {
			isa = PBXVariantGroup;
			children = (
				897F5E971829BA6B007E5D78 /* en */,
			);
			name = InfoPlist.strings;
			sourceTree = "<group>";
		};
/* End PBXVariantGroup section */

/* Begin XCBuildConfiguration section */
		897F5E9B1829BA6B007E5D78 /* Debug */ = {
			isa = XCBuildConfiguration;
			buildSettings = {
				ALWAYS_SEARCH_USER_PATHS = NO;
				ARCHS = "$(ARCHS_STANDARD_INCLUDING_64_BIT)";
				CLANG_CXX_LANGUAGE_STANDARD = "gnu++0x";
				CLANG_CXX_LIBRARY = "libc++";
				CLANG_ENABLE_MODULES = YES;
				CLANG_ENABLE_OBJC_ARC = YES;
				CLANG_WARN_BOOL_CONVERSION = YES;
				CLANG_WARN_CONSTANT_CONVERSION = YES;
				CLANG_WARN_DIRECT_OBJC_ISA_USAGE = YES_ERROR;
				CLANG_WARN_EMPTY_BODY = YES;
				CLANG_WARN_ENUM_CONVERSION = YES;
				CLANG_WARN_INT_CONVERSION = YES;
				CLANG_WARN_OBJC_ROOT_CLASS = YES_ERROR;
				CLANG_WARN__DUPLICATE_METHOD_MATCH = YES;
				"CODE_SIGN_IDENTITY[sdk=iphoneos*]" = "iPhone Developer";
				COPY_PHASE_STRIP = NO;
				GCC_C_LANGUAGE_STANDARD = gnu99;
				GCC_DYNAMIC_NO_PIC = NO;
				GCC_OPTIMIZATION_LEVEL = 0;
				GCC_PREPROCESSOR_DEFINITIONS = (
					"DEBUG=1",
					"$(inherited)",
				);
				GCC_SYMBOLS_PRIVATE_EXTERN = NO;
				GCC_WARN_64_TO_32_BIT_CONVERSION = YES;
				GCC_WARN_ABOUT_RETURN_TYPE = YES_ERROR;
				GCC_WARN_UNDECLARED_SELECTOR = YES;
				GCC_WARN_UNINITIALIZED_AUTOS = YES;
				GCC_WARN_UNUSED_FUNCTION = YES;
				GCC_WARN_UNUSED_VARIABLE = YES;
				IPHONEOS_DEPLOYMENT_TARGET = 7.0;
				ONLY_ACTIVE_ARCH = YES;
				SDKROOT = iphoneos;
			};
			name = Debug;
		};
		897F5E9C1829BA6B007E5D78 /* Release */ = {
			isa = XCBuildConfiguration;
			buildSettings = {
				ALWAYS_SEARCH_USER_PATHS = NO;
				ARCHS = "$(ARCHS_STANDARD_INCLUDING_64_BIT)";
				CLANG_CXX_LANGUAGE_STANDARD = "gnu++0x";
				CLANG_CXX_LIBRARY = "libc++";
				CLANG_ENABLE_MODULES = YES;
				CLANG_ENABLE_OBJC_ARC = YES;
				CLANG_WARN_BOOL_CONVERSION = YES;
				CLANG_WARN_CONSTANT_CONVERSION = YES;
				CLANG_WARN_DIRECT_OBJC_ISA_USAGE = YES_ERROR;
				CLANG_WARN_EMPTY_BODY = YES;
				CLANG_WARN_ENUM_CONVERSION = YES;
				CLANG_WARN_INT_CONVERSION = YES;
				CLANG_WARN_OBJC_ROOT_CLASS = YES_ERROR;
				CLANG_WARN__DUPLICATE_METHOD_MATCH = YES;
				"CODE_SIGN_IDENTITY[sdk=iphoneos*]" = "iPhone Developer";
				COPY_PHASE_STRIP = YES;
				ENABLE_NS_ASSERTIONS = NO;
				GCC_C_LANGUAGE_STANDARD = gnu99;
				GCC_WARN_64_TO_32_BIT_CONVERSION = YES;
				GCC_WARN_ABOUT_RETURN_TYPE = YES_ERROR;
				GCC_WARN_UNDECLARED_SELECTOR = YES;
				GCC_WARN_UNINITIALIZED_AUTOS = YES;
				GCC_WARN_UNUSED_FUNCTION = YES;
				GCC_WARN_UNUSED_VARIABLE = YES;
				IPHONEOS_DEPLOYMENT_TARGET = 7.0;
				SDKROOT = iphoneos;
				VALIDATE_PRODUCT = YES;
			};
			name = Release;
		};
		897F5E9E1829BA6B007E5D78 /* Debug */ = {
			isa = XCBuildConfiguration;
			buildSettings = {
				ASSETCATALOG_COMPILER_APPICON_NAME = AppIcon;
				ASSETCATALOG_COMPILER_LAUNCHIMAGE_NAME = LaunchImage;
				GCC_PRECOMPILE_PREFIX_HEADER = YES;
				GCC_PREFIX_HEADER = "fotoPheed/fotoPheed-Prefix.pch";
				INFOPLIST_FILE = "fotoPheed/fotoPheed-Info.plist";
				PRODUCT_NAME = "$(TARGET_NAME)";
				WRAPPER_EXTENSION = app;
			};
			name = Debug;
		};
		897F5E9F1829BA6B007E5D78 /* Release */ = {
			isa = XCBuildConfiguration;
			buildSettings = {
				ASSETCATALOG_COMPILER_APPICON_NAME = AppIcon;
				ASSETCATALOG_COMPILER_LAUNCHIMAGE_NAME = LaunchImage;
				GCC_PRECOMPILE_PREFIX_HEADER = YES;
				GCC_PREFIX_HEADER = "fotoPheed/fotoPheed-Prefix.pch";
				INFOPLIST_FILE = "fotoPheed/fotoPheed-Info.plist";
				PRODUCT_NAME = "$(TARGET_NAME)";
				WRAPPER_EXTENSION = app;
			};
			name = Release;
		};
		897F5EA11829BA6B007E5D78 /* Debug */ = {
			isa = XCBuildConfiguration;
			buildSettings = {
				ARCHS = "$(ARCHS_STANDARD_INCLUDING_64_BIT)";
				BUNDLE_LOADER = "$(BUILT_PRODUCTS_DIR)/fotoPheed.app/fotoPheed";
				FRAMEWORK_SEARCH_PATHS = (
					"$(SDKROOT)/Developer/Library/Frameworks",
					"$(inherited)",
					"$(DEVELOPER_FRAMEWORKS_DIR)",
				);
				GCC_PRECOMPILE_PREFIX_HEADER = YES;
				GCC_PREFIX_HEADER = "fotoPheed/fotoPheed-Prefix.pch";
				GCC_PREPROCESSOR_DEFINITIONS = (
					"DEBUG=1",
					"$(inherited)",
				);
				INFOPLIST_FILE = "fotoPheedTests/fotoPheedTests-Info.plist";
				PRODUCT_NAME = "$(TARGET_NAME)";
				TEST_HOST = "$(BUNDLE_LOADER)";
				WRAPPER_EXTENSION = xctest;
			};
			name = Debug;
		};
		897F5EA21829BA6B007E5D78 /* Release */ = {
			isa = XCBuildConfiguration;
			buildSettings = {
				ARCHS = "$(ARCHS_STANDARD_INCLUDING_64_BIT)";
				BUNDLE_LOADER = "$(BUILT_PRODUCTS_DIR)/fotoPheed.app/fotoPheed";
				FRAMEWORK_SEARCH_PATHS = (
					"$(SDKROOT)/Developer/Library/Frameworks",
					"$(inherited)",
					"$(DEVELOPER_FRAMEWORKS_DIR)",
				);
				GCC_PRECOMPILE_PREFIX_HEADER = YES;
				GCC_PREFIX_HEADER = "fotoPheed/fotoPheed-Prefix.pch";
				INFOPLIST_FILE = "fotoPheedTests/fotoPheedTests-Info.plist";
				PRODUCT_NAME = "$(TARGET_NAME)";
				TEST_HOST = "$(BUNDLE_LOADER)";
				WRAPPER_EXTENSION = xctest;
			};
			name = Release;
		};
/* End XCBuildConfiguration section */

/* Begin XCConfigurationList section */
		897F5E631829BA6A007E5D78 /* Build configuration list for PBXProject "fotoPheed" */ = {
			isa = XCConfigurationList;
			buildConfigurations = (
				897F5E9B1829BA6B007E5D78 /* Debug */,
				897F5E9C1829BA6B007E5D78 /* Release */,
			);
			defaultConfigurationIsVisible = 0;
			defaultConfigurationName = Release;
		};
		897F5E9D1829BA6B007E5D78 /* Build configuration list for PBXNativeTarget "fotoPheed" */ = {
			isa = XCConfigurationList;
			buildConfigurations = (
				897F5E9E1829BA6B007E5D78 /* Debug */,
				897F5E9F1829BA6B007E5D78 /* Release */,
			);
			defaultConfigurationIsVisible = 0;
			defaultConfigurationName = Release;
		};
		897F5EA01829BA6B007E5D78 /* Build configuration list for PBXNativeTarget "fotoPheedTests" */ = {
			isa = XCConfigurationList;
			buildConfigurations = (
				897F5EA11829BA6B007E5D78 /* Debug */,
				897F5EA21829BA6B007E5D78 /* Release */,
			);
			defaultConfigurationIsVisible = 0;
			defaultConfigurationName = Release;
		};
/* End XCConfigurationList section */
	};
	rootObject = 897F5E601829BA6A007E5D78 /* Project object */;
}
